
Microsoft Visual Studio Solution File, Format Version 12.00
# Visual Studio Version 17
VisualStudioVersion = 17.7.34031.279
MinimumVisualStudioVersion = 10.0.40219.1
Project("{FAE04EC0-301F-11D3-BF4B-00C04F79EFBC}") = "main Assessment", "main Assessment\main Assessment.csproj", "{C4FCCCA9-4E17-4F15-884E-907AAC29CC96}"
EndProject
Global
	GlobalSection(SolutionConfigurationPlatforms) = preSolution
		Debug|Any CPU = Debug|Any CPU
		Release|Any CPU = Release|Any CPU
	EndGlobalSection
	GlobalSection(ProjectConfigurationPlatforms) = postSolution
		{C4FCCCA9-4E17-4F15-884E-907AAC29CC96}.Debug|Any CPU.ActiveCfg = Debug|Any CPU
		{C4FCCCA9-4E17-4F15-884E-907AAC29CC96}.Debug|Any CPU.Build.0 = Debug|Any CPU
		{C4FCCCA9-4E17-4F15-884E-907AAC29CC96}.Release|Any CPU.ActiveCfg = Release|Any CPU
		{C4FCCCA9-4E17-4F15-884E-907AAC29CC96}.Release|Any CPU.Build.0 = Release|Any CPU
	EndGlobalSection
	GlobalSection(SolutionProperties) = preSolution
		HideSolutionNode = FALSE
	EndGlobalSection
	GlobalSection(ExtensibilityGlobals) = postSolution
		SolutionGuid = {11AF7EB5-7520-4CD0-8CF3-511651660551}
	EndGlobalSection
EndGlobal
